// !$*UTF8*$!
{
	archiveVersion = 1;
	classes = {
	};
	objectVersion = 55;
	objects = {

/* Begin PBXBuildFile section */
		23F116EC285E31AD00B8E15C /* AppDelegate.swift in Sources */ = {isa = PBXBuildFile; fileRef = 23F116EB285E31AD00B8E15C /* AppDelegate.swift */; };
		23F116EE285E31AD00B8E15C /* SceneDelegate.swift in Sources */ = {isa = PBXBuildFile; fileRef = 23F116ED285E31AD00B8E15C /* SceneDelegate.swift */; };
		23F116F5285E31AE00B8E15C /* Assets.xcassets in Resources */ = {isa = PBXBuildFile; fileRef = 23F116F4285E31AE00B8E15C /* Assets.xcassets */; };
		23F116F8285E31AE00B8E15C /* LaunchScreen.storyboard in Resources */ = {isa = PBXBuildFile; fileRef = 23F116F6285E31AE00B8E15C /* LaunchScreen.storyboard */; };
		23F11708285E330200B8E15C /* SwiftUIAppApp.swift in Sources */ = {isa = PBXBuildFile; fileRef = 23F11707285E330200B8E15C /* SwiftUIAppApp.swift */; };
		23F1170A285E330200B8E15C /* ContentView.swift in Sources */ = {isa = PBXBuildFile; fileRef = 23F11709285E330200B8E15C /* ContentView.swift */; };
		23F1170C285E330300B8E15C /* Assets.xcassets in Resources */ = {isa = PBXBuildFile; fileRef = 23F1170B285E330300B8E15C /* Assets.xcassets */; };
		23F1170F285E330300B8E15C /* Preview Assets.xcassets in Resources */ = {isa = PBXBuildFile; fileRef = 23F1170E285E330300B8E15C /* Preview Assets.xcassets */; };
		23F1171A285E345200B8E15C /* SnapKit in Frameworks */ = {isa = PBXBuildFile; productRef = 23F11719285E345200B8E15C /* SnapKit */; };
		23F1171C285E345200B8E15C /* SnapKit-Dynamic in Frameworks */ = {isa = PBXBuildFile; productRef = 23F1171B285E345200B8E15C /* SnapKit-Dynamic */; };
/* End PBXBuildFile section */

/* Begin PBXFileReference section */
		23F116E8285E31AD00B8E15C /* UIKitApp.app */ = {isa = PBXFileReference; explicitFileType = wrapper.application; includeInIndex = 0; path = UIKitApp.app; sourceTree = BUILT_PRODUCTS_DIR; };
		23F116EB285E31AD00B8E15C /* AppDelegate.swift */ = {isa = PBXFileReference; lastKnownFileType = sourcecode.swift; path = AppDelegate.swift; sourceTree = "<group>"; };
		23F116ED285E31AD00B8E15C /* SceneDelegate.swift */ = {isa = PBXFileReference; lastKnownFileType = sourcecode.swift; path = SceneDelegate.swift; sourceTree = "<group>"; };
		23F116F4285E31AE00B8E15C /* Assets.xcassets */ = {isa = PBXFileReference; lastKnownFileType = folder.assetcatalog; path = Assets.xcassets; sourceTree = "<group>"; };
		23F116F7285E31AE00B8E15C /* Base */ = {isa = PBXFileReference; lastKnownFileType = file.storyboard; name = Base; path = Base.lproj/LaunchScreen.storyboard; sourceTree = "<group>"; };
		23F116F9285E31AE00B8E15C /* Info.plist */ = {isa = PBXFileReference; lastKnownFileType = text.plist.xml; path = Info.plist; sourceTree = "<group>"; };
		23F11705285E330200B8E15C /* SwiftUIApp.app */ = {isa = PBXFileReference; explicitFileType = wrapper.application; includeInIndex = 0; path = SwiftUIApp.app; sourceTree = BUILT_PRODUCTS_DIR; };
		23F11707285E330200B8E15C /* SwiftUIAppApp.swift */ = {isa = PBXFileReference; lastKnownFileType = sourcecode.swift; path = SwiftUIAppApp.swift; sourceTree = "<group>"; };
		23F11709285E330200B8E15C /* ContentView.swift */ = {isa = PBXFileReference; lastKnownFileType = sourcecode.swift; path = ContentView.swift; sourceTree = "<group>"; };
		23F1170B285E330300B8E15C /* Assets.xcassets */ = {isa = PBXFileReference; lastKnownFileType = folder.assetcatalog; path = Assets.xcassets; sourceTree = "<group>"; };
		23F1170E285E330300B8E15C /* Preview Assets.xcassets */ = {isa = PBXFileReference; lastKnownFileType = folder.assetcatalog; path = "Preview Assets.xcassets"; sourceTree = "<group>"; };
/* End PBXFileReference section */

/* Begin PBXFrameworksBuildPhase section */
		23F116E5285E31AD00B8E15C /* Frameworks */ = {
			isa = PBXFrameworksBuildPhase;
			buildActionMask = 2147483647;
			files = (
				23F1171A285E345200B8E15C /* SnapKit in Frameworks */,
				23F1171C285E345200B8E15C /* SnapKit-Dynamic in Frameworks */,
			);
			runOnlyForDeploymentPostprocessing = 0;
		};
		23F11702285E330200B8E15C /* Frameworks */ = {
			isa = PBXFrameworksBuildPhase;
			buildActionMask = 2147483647;
			files = (
			);
			runOnlyForDeploymentPostprocessing = 0;
		};
/* End PBXFrameworksBuildPhase section */

/* Begin PBXGroup section */
		23F116DF285E31AD00B8E15C = {
			isa = PBXGroup;
			children = (
				23F116EA285E31AD00B8E15C /* UIKitApp */,
				23F11706285E330200B8E15C /* SwiftUIApp */,
				23F116E9285E31AD00B8E15C /* Products */,
			);
			sourceTree = "<group>";
		};
		23F116E9285E31AD00B8E15C /* Products */ = {
			isa = PBXGroup;
			children = (
				23F116E8285E31AD00B8E15C /* UIKitApp.app */,
				23F11705285E330200B8E15C /* SwiftUIApp.app */,
			);
			name = Products;
			sourceTree = "<group>";
		};
		23F116EA285E31AD00B8E15C /* UIKitApp */ = {
			isa = PBXGroup;
			children = (
				23F116EB285E31AD00B8E15C /* AppDelegate.swift */,
				23F116ED285E31AD00B8E15C /* SceneDelegate.swift */,
				23F11700285E328C00B8E15C /* Resources */,
				23F116FF285E326F00B8E15C /* Config */,
			);
			path = UIKitApp;
			sourceTree = "<group>";
		};
		23F116FF285E326F00B8E15C /* Config */ = {
			isa = PBXGroup;
			children = (
				23F116F9285E31AE00B8E15C /* Info.plist */,
			);
			path = Config;
			sourceTree = "<group>";
		};
		23F11700285E328C00B8E15C /* Resources */ = {
			isa = PBXGroup;
			children = (
				23F116F6285E31AE00B8E15C /* LaunchScreen.storyboard */,
				23F116F4285E31AE00B8E15C /* Assets.xcassets */,
			);
			path = Resources;
			sourceTree = "<group>";
		};
		23F11706285E330200B8E15C /* SwiftUIApp */ = {
			isa = PBXGroup;
			children = (
				23F11707285E330200B8E15C /* SwiftUIAppApp.swift */,
				23F11709285E330200B8E15C /* ContentView.swift */,
				23F1170B285E330300B8E15C /* Assets.xcassets */,
				23F1170D285E330300B8E15C /* Preview Content */,
			);
			path = SwiftUIApp;
			sourceTree = "<group>";
		};
		23F1170D285E330300B8E15C /* Preview Content */ = {
			isa = PBXGroup;
			children = (
				23F1170E285E330300B8E15C /* Preview Assets.xcassets */,
			);
			path = "Preview Content";
			sourceTree = "<group>";
		};
/* End PBXGroup section */

/* Begin PBXNativeTarget section */
		23F116E7285E31AD00B8E15C /* UIKitApp */ = {
			isa = PBXNativeTarget;
			buildConfigurationList = 23F116FC285E31AE00B8E15C /* Build configuration list for PBXNativeTarget "UIKitApp" */;
			buildPhases = (
				23F116E4285E31AD00B8E15C /* Sources */,
				23F116E5285E31AD00B8E15C /* Frameworks */,
				23F116E6285E31AD00B8E15C /* Resources */,
			);
			buildRules = (
			);
			dependencies = (
			);
			name = UIKitApp;
			packageProductDependencies = (
				23F11719285E345200B8E15C /* SnapKit */,
				23F1171B285E345200B8E15C /* SnapKit-Dynamic */,
			);
			productName = "SwiftUI-vs-UIKit";
			productReference = 23F116E8285E31AD00B8E15C /* UIKitApp.app */;
			productType = "com.apple.product-type.application";
		};
		23F11704285E330200B8E15C /* SwiftUIApp */ = {
			isa = PBXNativeTarget;
			buildConfigurationList = 23F11710285E330300B8E15C /* Build configuration list for PBXNativeTarget "SwiftUIApp" */;
			buildPhases = (
				23F11701285E330200B8E15C /* Sources */,
				23F11702285E330200B8E15C /* Frameworks */,
				23F11703285E330200B8E15C /* Resources */,
			);
			buildRules = (
			);
			dependencies = (
			);
			name = SwiftUIApp;
			productName = SwiftUIApp;
			productReference = 23F11705285E330200B8E15C /* SwiftUIApp.app */;
			productType = "com.apple.product-type.application";
		};
/* End PBXNativeTarget section */

/* Begin PBXProject section */
		23F116E0285E31AD00B8E15C /* Project object */ = {
			isa = PBXProject;
			attributes = {
				BuildIndependentTargetsInParallel = 1;
				LastSwiftUpdateCheck = 1340;
				LastUpgradeCheck = 1340;
				TargetAttributes = {
					23F116E7285E31AD00B8E15C = {
						CreatedOnToolsVersion = 13.4.1;
					};
					23F11704285E330200B8E15C = {
						CreatedOnToolsVersion = 13.4.1;
					};
				};
			};
			buildConfigurationList = 23F116E3285E31AD00B8E15C /* Build configuration list for PBXProject "SwiftUI-vs-UIKit" */;
			compatibilityVersion = "Xcode 13.0";
			developmentRegion = en;
			hasScannedForEncodings = 0;
			knownRegions = (
				en,
				Base,
			);
			mainGroup = 23F116DF285E31AD00B8E15C;
			packageReferences = (
				23F11718285E345200B8E15C /* XCRemoteSwiftPackageReference "SnapKit" */,
				23F1171D285E345E00B8E15C /* XCRemoteSwiftPackageReference "SnapKit" */,
			);
			productRefGroup = 23F116E9285E31AD00B8E15C /* Products */;
			projectDirPath = "";
			projectRoot = "";
			targets = (
				23F116E7285E31AD00B8E15C /* UIKitApp */,
				23F11704285E330200B8E15C /* SwiftUIApp */,
			);
		};
/* End PBXProject section */

/* Begin PBXResourcesBuildPhase section */
		23F116E6285E31AD00B8E15C /* Resources */ = {
			isa = PBXResourcesBuildPhase;
			buildActionMask = 2147483647;
			files = (
				23F116F8285E31AE00B8E15C /* LaunchScreen.storyboard in Resources */,
				23F116F5285E31AE00B8E15C /* Assets.xcassets in Resources */,
			);
			runOnlyForDeploymentPostprocessing = 0;
		};
		23F11703285E330200B8E15C /* Resources */ = {
			isa = PBXResourcesBuildPhase;
			buildActionMask = 2147483647;
			files = (
				23F1170F285E330300B8E15C /* Preview Assets.xcassets in Resources */,
				23F1170C285E330300B8E15C /* Assets.xcassets in Resources */,
			);
			runOnlyForDeploymentPostprocessing = 0;
		};
/* End PBXResourcesBuildPhase section */

/* Begin PBXSourcesBuildPhase section */
		23F116E4285E31AD00B8E15C /* Sources */ = {
			isa = PBXSourcesBuildPhase;
			buildActionMask = 2147483647;
			files = (
				23F116EC285E31AD00B8E15C /* AppDelegate.swift in Sources */,
				23F116EE285E31AD00B8E15C /* SceneDelegate.swift in Sources */,
			);
			runOnlyForDeploymentPostprocessing = 0;
		};
		23F11701285E330200B8E15C /* Sources */ = {
			isa = PBXSourcesBuildPhase;
			buildActionMask = 2147483647;
			files = (
				23F1170A285E330200B8E15C /* ContentView.swift in Sources */,
				23F11708285E330200B8E15C /* SwiftUIAppApp.swift in Sources */,
			);
			runOnlyForDeploymentPostprocessing = 0;
		};
/* End PBXSourcesBuildPhase section */

/* Begin PBXVariantGroup section */
		23F116F6285E31AE00B8E15C /* LaunchScreen.storyboard */ = {
			isa = PBXVariantGroup;
			children = (
				23F116F7285E31AE00B8E15C /* Base */,
			);
			name = LaunchScreen.storyboard;
			sourceTree = "<group>";
		};
/* End PBXVariantGroup section */

/* Begin XCBuildConfiguration section */
		23F116FA285E31AE00B8E15C /* Debug */ = {
			isa = XCBuildConfiguration;
			buildSettings = {
				ALWAYS_SEARCH_USER_PATHS = NO;
				CLANG_ANALYZER_NONNULL = YES;
				CLANG_ANALYZER_NUMBER_OBJECT_CONVERSION = YES_AGGRESSIVE;
				CLANG_CXX_LANGUAGE_STANDARD = "gnu++17";
				CLANG_ENABLE_MODULES = YES;
				CLANG_ENABLE_OBJC_ARC = YES;
				CLANG_ENABLE_OBJC_WEAK = YES;
				CLANG_WARN_BLOCK_CAPTURE_AUTORELEASING = YES;
				CLANG_WARN_BOOL_CONVERSION = YES;
				CLANG_WARN_COMMA = YES;
				CLANG_WARN_CONSTANT_CONVERSION = YES;
				CLANG_WARN_DEPRECATED_OBJC_IMPLEMENTATIONS = YES;
				CLANG_WARN_DIRECT_OBJC_ISA_USAGE = YES_ERROR;
				CLANG_WARN_DOCUMENTATION_COMMENTS = YES;
				CLANG_WARN_EMPTY_BODY = YES;
				CLANG_WARN_ENUM_CONVERSION = YES;
				CLANG_WARN_INFINITE_RECURSION = YES;
				CLANG_WARN_INT_CONVERSION = YES;
				CLANG_WARN_NON_LITERAL_NULL_CONVERSION = YES;
				CLANG_WARN_OBJC_IMPLICIT_RETAIN_SELF = YES;
				CLANG_WARN_OBJC_LITERAL_CONVERSION = YES;
				CLANG_WARN_OBJC_ROOT_CLASS = YES_ERROR;
				CLANG_WARN_QUOTED_INCLUDE_IN_FRAMEWORK_HEADER = YES;
				CLANG_WARN_RANGE_LOOP_ANALYSIS = YES;
				CLANG_WARN_STRICT_PROTOTYPES = YES;
				CLANG_WARN_SUSPICIOUS_MOVE = YES;
				CLANG_WARN_UNGUARDED_AVAILABILITY = YES_AGGRESSIVE;
				CLANG_WARN_UNREACHABLE_CODE = YES;
				CLANG_WARN__DUPLICATE_METHOD_MATCH = YES;
				COPY_PHASE_STRIP = NO;
				DEBUG_INFORMATION_FORMAT = dwarf;
				ENABLE_STRICT_OBJC_MSGSEND = YES;
				ENABLE_TESTABILITY = YES;
				GCC_C_LANGUAGE_STANDARD = gnu11;
				GCC_DYNAMIC_NO_PIC = NO;
				GCC_NO_COMMON_BLOCKS = YES;
				GCC_OPTIMIZATION_LEVEL = 0;
				GCC_PREPROCESSOR_DEFINITIONS = (
					"DEBUG=1",
					"$(inherited)",
				);
				GCC_WARN_64_TO_32_BIT_CONVERSION = YES;
				GCC_WARN_ABOUT_RETURN_TYPE = YES_ERROR;
				GCC_WARN_UNDECLARED_SELECTOR = YES;
				GCC_WARN_UNINITIALIZED_AUTOS = YES_AGGRESSIVE;
				GCC_WARN_UNUSED_FUNCTION = YES;
				GCC_WARN_UNUSED_VARIABLE = YES;
				IPHONEOS_DEPLOYMENT_TARGET = 15.5;
				MTL_ENABLE_DEBUG_INFO = INCLUDE_SOURCE;
				MTL_FAST_MATH = YES;
				ONLY_ACTIVE_ARCH = YES;
				SDKROOT = iphoneos;
				SWIFT_ACTIVE_COMPILATION_CONDITIONS = DEBUG;
				SWIFT_OPTIMIZATION_LEVEL = "-Onone";
			};
			name = Debug;
		};
		23F116FB285E31AE00B8E15C /* Release */ = {
			isa = XCBuildConfiguration;
			buildSettings = {
				ALWAYS_SEARCH_USER_PATHS = NO;
				CLANG_ANALYZER_NONNULL = YES;
				CLANG_ANALYZER_NUMBER_OBJECT_CONVERSION = YES_AGGRESSIVE;
				CLANG_CXX_LANGUAGE_STANDARD = "gnu++17";
				CLANG_ENABLE_MODULES = YES;
				CLANG_ENABLE_OBJC_ARC = YES;
				CLANG_ENABLE_OBJC_WEAK = YES;
				CLANG_WARN_BLOCK_CAPTURE_AUTORELEASING = YES;
				CLANG_WARN_BOOL_CONVERSION = YES;
				CLANG_WARN_COMMA = YES;
				CLANG_WARN_CONSTANT_CONVERSION = YES;
				CLANG_WARN_DEPRECATED_OBJC_IMPLEMENTATIONS = YES;
				CLANG_WARN_DIRECT_OBJC_ISA_USAGE = YES_ERROR;
				CLANG_WARN_DOCUMENTATION_COMMENTS = YES;
				CLANG_WARN_EMPTY_BODY = YES;
				CLANG_WARN_ENUM_CONVERSION = YES;
				CLANG_WARN_INFINITE_RECURSION = YES;
				CLANG_WARN_INT_CONVERSION = YES;
				CLANG_WARN_NON_LITERAL_NULL_CONVERSION = YES;
				CLANG_WARN_OBJC_IMPLICIT_RETAIN_SELF = YES;
				CLANG_WARN_OBJC_LITERAL_CONVERSION = YES;
				CLANG_WARN_OBJC_ROOT_CLASS = YES_ERROR;
				CLANG_WARN_QUOTED_INCLUDE_IN_FRAMEWORK_HEADER = YES;
				CLANG_WARN_RANGE_LOOP_ANALYSIS = YES;
				CLANG_WARN_STRICT_PROTOTYPES = YES;
				CLANG_WARN_SUSPICIOUS_MOVE = YES;
				CLANG_WARN_UNGUARDED_AVAILABILITY = YES_AGGRESSIVE;
				CLANG_WARN_UNREACHABLE_CODE = YES;
				CLANG_WARN__DUPLICATE_METHOD_MATCH = YES;
				COPY_PHASE_STRIP = NO;
				DEBUG_INFORMATION_FORMAT = "dwarf-with-dsym";
				ENABLE_NS_ASSERTIONS = NO;
				ENABLE_STRICT_OBJC_MSGSEND = YES;
				GCC_C_LANGUAGE_STANDARD = gnu11;
				GCC_NO_COMMON_BLOCKS = YES;
				GCC_WARN_64_TO_32_BIT_CONVERSION = YES;
				GCC_WARN_ABOUT_RETURN_TYPE = YES_ERROR;
				GCC_WARN_UNDECLARED_SELECTOR = YES;
				GCC_WARN_UNINITIALIZED_AUTOS = YES_AGGRESSIVE;
				GCC_WARN_UNUSED_FUNCTION = YES;
				GCC_WARN_UNUSED_VARIABLE = YES;
				IPHONEOS_DEPLOYMENT_TARGET = 15.5;
				MTL_ENABLE_DEBUG_INFO = NO;
				MTL_FAST_MATH = YES;
				SDKROOT = iphoneos;
				SWIFT_COMPILATION_MODE = wholemodule;
				SWIFT_OPTIMIZATION_LEVEL = "-O";
				VALIDATE_PRODUCT = YES;
			};
			name = Release;
		};
		23F116FD285E31AE00B8E15C /* Debug */ = {
			isa = XCBuildConfiguration;
			buildSettings = {
				ASSETCATALOG_COMPILER_APPICON_NAME = AppIcon;
				ASSETCATALOG_COMPILER_GLOBAL_ACCENT_COLOR_NAME = AccentColor;
				CODE_SIGN_STYLE = Automatic;
				CURRENT_PROJECT_VERSION = 1;
				DEVELOPMENT_TEAM = MEH36U69XD;
				GENERATE_INFOPLIST_FILE = YES;
				INFOPLIST_FILE = UIKitApp/Config/Info.plist;
				INFOPLIST_KEY_UIApplicationSupportsIndirectInputEvents = YES;
				INFOPLIST_KEY_UILaunchStoryboardName = LaunchScreen;
				INFOPLIST_KEY_UISupportedInterfaceOrientations_iPad = "UIInterfaceOrientationPortrait UIInterfaceOrientationPortraitUpsideDown UIInterfaceOrientationLandscapeLeft UIInterfaceOrientationLandscapeRight";
				INFOPLIST_KEY_UISupportedInterfaceOrientations_iPhone = "UIInterfaceOrientationPortrait UIInterfaceOrientationLandscapeLeft UIInterfaceOrientationLandscapeRight";
				IPHONEOS_DEPLOYMENT_TARGET = 14.0;
				LD_RUNPATH_SEARCH_PATHS = (
					"$(inherited)",
					"@executable_path/Frameworks",
				);
				MARKETING_VERSION = 1.0;
				PRODUCT_BUNDLE_IDENTIFIER = "com.barbatosso.SwiftUI-vs-UIKit.UIKitApp";
				PRODUCT_NAME = "$(TARGET_NAME)";
				SWIFT_EMIT_LOC_STRINGS = YES;
				SWIFT_VERSION = 5.0;
				TARGETED_DEVICE_FAMILY = 1;
			};
			name = Debug;
		};
		23F116FE285E31AE00B8E15C /* Release */ = {
			isa = XCBuildConfiguration;
			buildSettings = {
				ASSETCATALOG_COMPILER_APPICON_NAME = AppIcon;
				ASSETCATALOG_COMPILER_GLOBAL_ACCENT_COLOR_NAME = AccentColor;
				CODE_SIGN_STYLE = Automatic;
				CURRENT_PROJECT_VERSION = 1;
				DEVELOPMENT_TEAM = MEH36U69XD;
				GENERATE_INFOPLIST_FILE = YES;
				INFOPLIST_FILE = UIKitApp/Config/Info.plist;
				INFOPLIST_KEY_UIApplicationSupportsIndirectInputEvents = YES;
				INFOPLIST_KEY_UILaunchStoryboardName = LaunchScreen;
				INFOPLIST_KEY_UISupportedInterfaceOrientations_iPad = "UIInterfaceOrientationPortrait UIInterfaceOrientationPortraitUpsideDown UIInterfaceOrientationLandscapeLeft UIInterfaceOrientationLandscapeRight";
				INFOPLIST_KEY_UISupportedInterfaceOrientations_iPhone = "UIInterfaceOrientationPortrait UIInterfaceOrientationLandscapeLeft UIInterfaceOrientationLandscapeRight";
				IPHONEOS_DEPLOYMENT_TARGET = 14.0;
				LD_RUNPATH_SEARCH_PATHS = (
					"$(inherited)",
					"@executable_path/Frameworks",
				);
				MARKETING_VERSION = 1.0;
				PRODUCT_BUNDLE_IDENTIFIER = "com.barbatosso.SwiftUI-vs-UIKit.UIKitApp";
				PRODUCT_NAME = "$(TARGET_NAME)";
				SWIFT_EMIT_LOC_STRINGS = YES;
				SWIFT_VERSION = 5.0;
				TARGETED_DEVICE_FAMILY = 1;
			};
			name = Release;
		};
		23F11711285E330300B8E15C /* Debug */ = {
			isa = XCBuildConfiguration;
			buildSettings = {
				ASSETCATALOG_COMPILER_APPICON_NAME = AppIcon;
				ASSETCATALOG_COMPILER_GLOBAL_ACCENT_COLOR_NAME = AccentColor;
				CODE_SIGN_STYLE = Automatic;
				CURRENT_PROJECT_VERSION = 1;
				DEVELOPMENT_ASSET_PATHS = "\"SwiftUIApp/Preview Content\"";
				DEVELOPMENT_TEAM = MEH36U69XD;
				ENABLE_PREVIEWS = YES;
				GENERATE_INFOPLIST_FILE = YES;
				INFOPLIST_KEY_UIApplicationSceneManifest_Generation = YES;
				INFOPLIST_KEY_UIApplicationSupportsIndirectInputEvents = YES;
				INFOPLIST_KEY_UILaunchScreen_Generation = YES;
				INFOPLIST_KEY_UISupportedInterfaceOrientations_iPad = "UIInterfaceOrientationPortrait UIInterfaceOrientationPortraitUpsideDown UIInterfaceOrientationLandscapeLeft UIInterfaceOrientationLandscapeRight";
				INFOPLIST_KEY_UISupportedInterfaceOrientations_iPhone = "UIInterfaceOrientationPortrait UIInterfaceOrientationLandscapeLeft UIInterfaceOrientationLandscapeRight";
				IPHONEOS_DEPLOYMENT_TARGET = 14.0;
				LD_RUNPATH_SEARCH_PATHS = (
					"$(inherited)",
					"@executable_path/Frameworks",
				);
				MARKETING_VERSION = 1.0;
				PRODUCT_BUNDLE_IDENTIFIER = "com.barbatosso.SwiftUI-vs-UIKit.SwiftUIApp";
				PRODUCT_NAME = "$(TARGET_NAME)";
				SWIFT_EMIT_LOC_STRINGS = YES;
				SWIFT_VERSION = 5.0;
				TARGETED_DEVICE_FAMILY = 1;
			};
			name = Debug;
		};
		23F11712285E330300B8E15C /* Release */ = {
			isa = XCBuildConfiguration;
			buildSettings = {
				ASSETCATALOG_COMPILER_APPICON_NAME = AppIcon;
				ASSETCATALOG_COMPILER_GLOBAL_ACCENT_COLOR_NAME = AccentColor;
				CODE_SIGN_STYLE = Automatic;
				CURRENT_PROJECT_VERSION = 1;
				DEVELOPMENT_ASSET_PATHS = "\"SwiftUIApp/Preview Content\"";
				DEVELOPMENT_TEAM = MEH36U69XD;
				ENABLE_PREVIEWS = YES;
				GENERATE_INFOPLIST_FILE = YES;
				INFOPLIST_KEY_UIApplicationSceneManifest_Generation = YES;
				INFOPLIST_KEY_UIApplicationSupportsIndirectInputEvents = YES;
				INFOPLIST_KEY_UILaunchScreen_Generation = YES;
				INFOPLIST_KEY_UISupportedInterfaceOrientations_iPad = "UIInterfaceOrientationPortrait UIInterfaceOrientationPortraitUpsideDown UIInterfaceOrientationLandscapeLeft UIInterfaceOrientationLandscapeRight";
				INFOPLIST_KEY_UISupportedInterfaceOrientations_iPhone = "UIInterfaceOrientationPortrait UIInterfaceOrientationLandscapeLeft UIInterfaceOrientationLandscapeRight";
				IPHONEOS_DEPLOYMENT_TARGET = 14.0;
				LD_RUNPATH_SEARCH_PATHS = (
					"$(inherited)",
					"@executable_path/Frameworks",
				);
				MARKETING_VERSION = 1.0;
				PRODUCT_BUNDLE_IDENTIFIER = "com.barbatosso.SwiftUI-vs-UIKit.SwiftUIApp";
				PRODUCT_NAME = "$(TARGET_NAME)";
				SWIFT_EMIT_LOC_STRINGS = YES;
				SWIFT_VERSION = 5.0;
				TARGETED_DEVICE_FAMILY = 1;
			};
			name = Release;
		};
/* End XCBuildConfiguration section */

/* Begin XCConfigurationList section */
		23F116E3285E31AD00B8E15C /* Build configuration list for PBXProject "SwiftUI-vs-UIKit" */ = {
			isa = XCConfigurationList;
			buildConfigurations = (
				23F116FA285E31AE00B8E15C /* Debug */,
				23F116FB285E31AE00B8E15C /* Release */,
			);
			defaultConfigurationIsVisible = 0;
			defaultConfigurationName = Release;
		};
		23F116FC285E31AE00B8E15C /* Build configuration list for PBXNativeTarget "UIKitApp" */ = {
			isa = XCConfigurationList;
			buildConfigurations = (
				23F116FD285E31AE00B8E15C /* Debug */,
				23F116FE285E31AE00B8E15C /* Release */,
			);
			defaultConfigurationIsVisible = 0;
			defaultConfigurationName = Release;
		};
		23F11710285E330300B8E15C /* Build configuration list for PBXNativeTarget "SwiftUIApp" */ = {
			isa = XCConfigurationList;
			buildConfigurations = (
				23F11711285E330300B8E15C /* Debug */,
				23F11712285E330300B8E15C /* Release */,
			);
			defaultConfigurationIsVisible = 0;
			defaultConfigurationName = Release;
		};
/* End XCConfigurationList section */

/* Begin XCRemoteSwiftPackageReference section */
		23F11718285E345200B8E15C /* XCRemoteSwiftPackageReference "SnapKit" */ = {
			isa = XCRemoteSwiftPackageReference;
			repositoryURL = "https://github.com/SnapKit/SnapKit.git";
			requirement = {
				branch = develop;
				kind = branch;
			};
		};
		23F1171D285E345E00B8E15C /* XCRemoteSwiftPackageReference "SnapKit" */ = {
			isa = XCRemoteSwiftPackageReference;
			repositoryURL = "https://github.com/SnapKit/SnapKit.git";
			requirement = {
				branch = develop;
				kind = branch;
			};
		};
/* End XCRemoteSwiftPackageReference section */

/* Begin XCSwiftPackageProductDependency section */
		23F11719285E345200B8E15C /* SnapKit */ = {
			isa = XCSwiftPackageProductDependency;
			package = 23F11718285E345200B8E15C /* XCRemoteSwiftPackageReference "SnapKit" */;
			productName = SnapKit;
		};
		23F1171B285E345200B8E15C /* SnapKit-Dynamic */ = {
			isa = XCSwiftPackageProductDependency;
			package = 23F11718285E345200B8E15C /* XCRemoteSwiftPackageReference "SnapKit" */;
			productName = "SnapKit-Dynamic";
		};
/* End XCSwiftPackageProductDependency section */
	};
	rootObject = 23F116E0285E31AD00B8E15C /* Project object */;
}
